
Microsoft Visual Studio Solution File, Format Version 12.00
# Visual Studio Version 17
VisualStudioVersion = 17.13.35828.75
MinimumVisualStudioVersion = 10.0.40219.1
Project("{FAE04EC0-301F-11D3-BF4B-00C04F79EFBC}") = "MainApp", "MainApp\MainApp.csproj", "{D8F5F41B-319E-48A4-8B24-2A3B4C1F836B}"
EndProject
Project("{FAE04EC0-301F-11D3-BF4B-00C04F79EFBC}") = "Login-Module", "Login-Module\Login-Module.csproj", "{97BEE42E-5BE0-450B-A848-03131C3C2910}"
EndProject
Project("{2150E333-8FDC-42A3-9474-1A3956D46DE8}") = "Login-M", "Login-M", "{02EA681E-C7D8-13C7-8484-4AC65E1B71E8}"
EndProject
Project("{FAE04EC0-301F-11D3-BF4B-00C04F79EFBC}") = "Authentic", "Authentic\Authentic.csproj", "{80341F5A-DF20-4CC8-99A4-C98BD0F61C2F}"
EndProject
Project("{2150E333-8FDC-42A3-9474-1A3956D46DE8}") = "Home-M", "Home-M", "{779D2C5D-EA1A-44F4-82CD-BC18C255A361}"
EndProject
Project("{FAE04EC0-301F-11D3-BF4B-00C04F79EFBC}") = "Main-project", "Home-Module\Main-project\Main-project.csproj", "{705645F6-B77B-6209-70EC-0B0DD84F3255}"
EndProject
Project("{FAE04EC0-301F-11D3-BF4B-00C04F79EFBC}") = "FeedModule", "Home-Module\FeedModule\FeedModule.csproj", "{47DE42E7-D036-89C6-FDEB-A5553D09F1DF}"
EndProject
Project("{FAE04EC0-301F-11D3-BF4B-00C04F79EFBC}") = "PostModule", "Home-Module\PostModule\PostModule.csproj", "{131D91DA-D440-219E-64F1-6FF738FD4E02}"
EndProject
Project("{FAE04EC0-301F-11D3-BF4B-00C04F79EFBC}") = "CommonUtils", "CommonUtils\CommonUtils.csproj", "{4B1B808B-73E6-71A3-598E-9D1DB837B078}"
EndProject
Project("{2150E333-8FDC-42A3-9474-1A3956D46DE8}") = "Profile-M", "Profile-M", "{60665995-67ED-4A49-AD06-B91A9761E270}"
EndProject
Project("{FAE04EC0-301F-11D3-BF4B-00C04F79EFBC}") = "MyProfile", "MyProfile\MyProfile.csproj", "{026C99CD-3DF8-42AD-C828-92823F05D312}"
EndProject
Project("{2150E333-8FDC-42A3-9474-1A3956D46DE8}") = "Post-M", "Post-M", "{67705D77-DC3C-4446-903F-FF6A63C2305F}"
EndProject
Project("{FAE04EC0-301F-11D3-BF4B-00C04F79EFBC}") = "NewPostForm", "NewPostForm\NewPostForm.csproj", "{3FBD4256-556D-40E6-8881-2E58AAC8873E}"
EndProject
Project("{FAE04EC0-301F-11D3-BF4B-00C04F79EFBC}") = "PostForm", "PostForm\PostForm.csproj", "{00B2C422-37FA-44C8-A27C-DA028FD847B0}"
EndProject
Global
	GlobalSection(SolutionConfigurationPlatforms) = preSolution
		Debug|Any CPU = Debug|Any CPU
		Release|Any CPU = Release|Any CPU
	EndGlobalSection
	GlobalSection(ProjectConfigurationPlatforms) = postSolution
		{D8F5F41B-319E-48A4-8B24-2A3B4C1F836B}.Debug|Any CPU.ActiveCfg = Debug|Any CPU
		{D8F5F41B-319E-48A4-8B24-2A3B4C1F836B}.Debug|Any CPU.Build.0 = Debug|Any CPU
		{D8F5F41B-319E-48A4-8B24-2A3B4C1F836B}.Release|Any CPU.ActiveCfg = Release|Any CPU
		{D8F5F41B-319E-48A4-8B24-2A3B4C1F836B}.Release|Any CPU.Build.0 = Release|Any CPU
		{97BEE42E-5BE0-450B-A848-03131C3C2910}.Debug|Any CPU.ActiveCfg = Debug|Any CPU
		{97BEE42E-5BE0-450B-A848-03131C3C2910}.Debug|Any CPU.Build.0 = Debug|Any CPU
		{97BEE42E-5BE0-450B-A848-03131C3C2910}.Release|Any CPU.ActiveCfg = Release|Any CPU
		{97BEE42E-5BE0-450B-A848-03131C3C2910}.Release|Any CPU.Build.0 = Release|Any CPU
		{80341F5A-DF20-4CC8-99A4-C98BD0F61C2F}.Debug|Any CPU.ActiveCfg = Debug|Any CPU
		{80341F5A-DF20-4CC8-99A4-C98BD0F61C2F}.Debug|Any CPU.Build.0 = Debug|Any CPU
		{80341F5A-DF20-4CC8-99A4-C98BD0F61C2F}.Release|Any CPU.ActiveCfg = Release|Any CPU
		{80341F5A-DF20-4CC8-99A4-C98BD0F61C2F}.Release|Any CPU.Build.0 = Release|Any CPU
		{705645F6-B77B-6209-70EC-0B0DD84F3255}.Debug|Any CPU.ActiveCfg = Debug|Any CPU
		{705645F6-B77B-6209-70EC-0B0DD84F3255}.Debug|Any CPU.Build.0 = Debug|Any CPU
		{705645F6-B77B-6209-70EC-0B0DD84F3255}.Release|Any CPU.ActiveCfg = Release|Any CPU
		{705645F6-B77B-6209-70EC-0B0DD84F3255}.Release|Any CPU.Build.0 = Release|Any CPU
		{47DE42E7-D036-89C6-FDEB-A5553D09F1DF}.Debug|Any CPU.ActiveCfg = Debug|Any CPU
		{47DE42E7-D036-89C6-FDEB-A5553D09F1DF}.Debug|Any CPU.Build.0 = Debug|Any CPU
		{47DE42E7-D036-89C6-FDEB-A5553D09F1DF}.Release|Any CPU.ActiveCfg = Release|Any CPU
		{47DE42E7-D036-89C6-FDEB-A5553D09F1DF}.Release|Any CPU.Build.0 = Release|Any CPU
		{131D91DA-D440-219E-64F1-6FF738FD4E02}.Debug|Any CPU.ActiveCfg = Debug|Any CPU
		{131D91DA-D440-219E-64F1-6FF738FD4E02}.Debug|Any CPU.Build.0 = Debug|Any CPU
		{131D91DA-D440-219E-64F1-6FF738FD4E02}.Release|Any CPU.ActiveCfg = Release|Any CPU
		{131D91DA-D440-219E-64F1-6FF738FD4E02}.Release|Any CPU.Build.0 = Release|Any CPU
		{4B1B808B-73E6-71A3-598E-9D1DB837B078}.Debug|Any CPU.ActiveCfg = Debug|Any CPU
		{4B1B808B-73E6-71A3-598E-9D1DB837B078}.Debug|Any CPU.Build.0 = Debug|Any CPU
		{4B1B808B-73E6-71A3-598E-9D1DB837B078}.Release|Any CPU.ActiveCfg = Release|Any CPU
		{4B1B808B-73E6-71A3-598E-9D1DB837B078}.Release|Any CPU.Build.0 = Release|Any CPU
		{026C99CD-3DF8-42AD-C828-92823F05D312}.Debug|Any CPU.ActiveCfg = Debug|Any CPU
		{026C99CD-3DF8-42AD-C828-92823F05D312}.Debug|Any CPU.Build.0 = Debug|Any CPU
		{026C99CD-3DF8-42AD-C828-92823F05D312}.Release|Any CPU.ActiveCfg = Release|Any CPU
		{026C99CD-3DF8-42AD-C828-92823F05D312}.Release|Any CPU.Build.0 = Release|Any CPU
		{3FBD4256-556D-40E6-8881-2E58AAC8873E}.Debug|Any CPU.ActiveCfg = Debug|Any CPU
		{3FBD4256-556D-40E6-8881-2E58AAC8873E}.Debug|Any CPU.Build.0 = Debug|Any CPU
		{3FBD4256-556D-40E6-8881-2E58AAC8873E}.Release|Any CPU.ActiveCfg = Release|Any CPU
		{3FBD4256-556D-40E6-8881-2E58AAC8873E}.Release|Any CPU.Build.0 = Release|Any CPU
		{00B2C422-37FA-44C8-A27C-DA028FD847B0}.Debug|Any CPU.ActiveCfg = Debug|Any CPU
		{00B2C422-37FA-44C8-A27C-DA028FD847B0}.Debug|Any CPU.Build.0 = Debug|Any CPU
		{00B2C422-37FA-44C8-A27C-DA028FD847B0}.Release|Any CPU.ActiveCfg = Release|Any CPU
		{00B2C422-37FA-44C8-A27C-DA028FD847B0}.Release|Any CPU.Build.0 = Release|Any CPU
	EndGlobalSection
	GlobalSection(SolutionProperties) = preSolution
		HideSolutionNode = FALSE
	EndGlobalSection
	GlobalSection(NestedProjects) = preSolution
		{97BEE42E-5BE0-450B-A848-03131C3C2910} = {02EA681E-C7D8-13C7-8484-4AC65E1B71E8}
		{80341F5A-DF20-4CC8-99A4-C98BD0F61C2F} = {02EA681E-C7D8-13C7-8484-4AC65E1B71E8}
		{705645F6-B77B-6209-70EC-0B0DD84F3255} = {779D2C5D-EA1A-44F4-82CD-BC18C255A361}
		{47DE42E7-D036-89C6-FDEB-A5553D09F1DF} = {779D2C5D-EA1A-44F4-82CD-BC18C255A361}
		{131D91DA-D440-219E-64F1-6FF738FD4E02} = {779D2C5D-EA1A-44F4-82CD-BC18C255A361}
		{026C99CD-3DF8-42AD-C828-92823F05D312} = {60665995-67ED-4A49-AD06-B91A9761E270}
		{3FBD4256-556D-40E6-8881-2E58AAC8873E} = {67705D77-DC3C-4446-903F-FF6A63C2305F}
		{00B2C422-37FA-44C8-A27C-DA028FD847B0} = {67705D77-DC3C-4446-903F-FF6A63C2305F}
	EndGlobalSection
	GlobalSection(ExtensibilityGlobals) = postSolution
		SolutionGuid = {1E6FC60E-FA3F-47F8-907F-DF903D8E72B1}
	EndGlobalSection
EndGlobal
